{
  "version": "5",
  "specifiers": {
    "npm:sv@*": "0.10.7"
  },
  "npm": {
    "sv@0.10.7": {
      "integrity": "sha512-62L8Lpfhbs3Qfb2knwrARR52sdBloqjNyYkGRlTM7Z9tbtPwtZkLjh0ITAmBjQdRN+MrIq/2+ehewFhfnS/YMw==",
      "bin": true,
      "tarball": "https://registry.npmmirror.com/sv/-/sv-0.10.7.tgz"
    }
  }
}
